# Generated by pub
# See https://dart.dev/tools/pub/glossary#lockfile
packages:
  flutter_lints:
    dependency: "direct dev"
    description:
      name: flutter_lints
      sha256: "3f41d009ba7172d5ff9be5f6e6e6abb4300e263aab8866d2a0842ed2a70f8f0c"
      url: "https://pub.dev"
    source: hosted
    version: "4.0.0"
  inject_js:
    dependency: "direct main"
    description:
      name: inject_js
      sha256: "3ab213e2c76375a611f57eb0044d32c6e18c5091d52510e7fe9f88f6bee83d19"
      url: "https://pub.dev"
    source: hosted
    version: "2.0.0"
  js:
    dependency: "direct main"
    description:
      name: js
      sha256: f2c445dce49627136094980615a031419f7f3eb393237e4ecd97ac15dea343f3
      url: "https://pub.dev"
    source: hosted
    version: "0.6.7"
  lints:
    dependency: transitive
    description:
      name: lints
      sha256: "976c774dd944a42e83e2467f4cc670daef7eed6295b10b36ae8c85bcbf828235"
      url: "https://pub.dev"
    source: hosted
    version: "4.0.0"
  meta:
    dependency: "direct main"
    description:
      name: meta
      sha256: bdb68674043280c3428e9ec998512fb681678676b3c54e773629ffe74419f8c7
      url: "https://pub.dev"
    source: hosted
    version: "1.15.0"
  wasm_interop:
    dependency: "direct main"
    description:
      name: wasm_interop
      sha256: b1b378f07a4cf0103c25faf34d9a64d2c3312135b9efb47e0ec116ec3b14e48f
      url: "https://pub.dev"
    source: hosted
    version: "2.0.1"
sdks:
  dart: ">=3.1.0 <4.0.0"
